
Microsoft Visual Studio Solution File, Format Version 12.00
# Visual Studio Version 17
VisualStudioVersion = 17.3.32804.467
MinimumVisualStudioVersion = 10.0.40219.1
Project("{FAE04EC0-301F-11D3-BF4B-00C04F79EFBC}") = "SiTimouWebApi", "SiTimouWebApi.csproj", "{B8A2E424-D271-48CF-ABE4-85145458158B}"
EndProject
Global
	GlobalSection(SolutionConfigurationPlatforms) = preSolution
		Debug|Any CPU = Debug|Any CPU
		Release|Any CPU = Release|Any CPU
	EndGlobalSection
	GlobalSection(ProjectConfigurationPlatforms) = postSolution
		{B8A2E424-D271-48CF-ABE4-85145458158B}.Debug|Any CPU.ActiveCfg = Debug|Any CPU
		{B8A2E424-D271-48CF-ABE4-85145458158B}.Debug|Any CPU.Build.0 = Debug|Any CPU
		{B8A2E424-D271-48CF-ABE4-85145458158B}.Release|Any CPU.ActiveCfg = Release|Any CPU
		{B8A2E424-D271-48CF-ABE4-85145458158B}.Release|Any CPU.Build.0 = Release|Any CPU
	EndGlobalSection
	GlobalSection(SolutionProperties) = preSolution
		HideSolutionNode = FALSE
	EndGlobalSection
	GlobalSection(ExtensibilityGlobals) = postSolution
		SolutionGuid = {C0CCD452-9D0C-4E8A-B2E1-91258B2A69A1}
	EndGlobalSection
EndGlobal
